// !$*UTF8*$!
{
	archiveVersion = 1;
	classes = {
	};
	objectVersion = 50;
	objects = {

/* Begin PBXBuildFile section */
		380128CD2493A05700C714BC /* AppDelegate.swift in Sources */ = {isa = PBXBuildFile; fileRef = 380128CC2493A05700C714BC /* AppDelegate.swift */; };
		380128CF2493A05700C714BC /* SceneDelegate.swift in Sources */ = {isa = PBXBuildFile; fileRef = 380128CE2493A05700C714BC /* SceneDelegate.swift */; };
		380128D12493A05700C714BC /* ViewController.swift in Sources */ = {isa = PBXBuildFile; fileRef = 380128D02493A05700C714BC /* ViewController.swift */; };
		380128D42493A05700C714BC /* Main.storyboard in Resources */ = {isa = PBXBuildFile; fileRef = 380128D22493A05700C714BC /* Main.storyboard */; };
		380128D72493A05700C714BC /* MySupperiorApp.xcdatamodeld in Sources */ = {isa = PBXBuildFile; fileRef = 380128D52493A05700C714BC /* MySupperiorApp.xcdatamodeld */; };
		380128D92493A05900C714BC /* Assets.xcassets in Resources */ = {isa = PBXBuildFile; fileRef = 380128D82493A05900C714BC /* Assets.xcassets */; };
		380128DC2493A05900C714BC /* LaunchScreen.storyboard in Resources */ = {isa = PBXBuildFile; fileRef = 380128DA2493A05900C714BC /* LaunchScreen.storyboard */; };
		380128E72493A05900C714BC /* MySupperiorAppTests.swift in Sources */ = {isa = PBXBuildFile; fileRef = 380128E62493A05900C714BC /* MySupperiorAppTests.swift */; };
		380128F22493A05900C714BC /* MySupperiorAppUITests.swift in Sources */ = {isa = PBXBuildFile; fileRef = 380128F12493A05900C714BC /* MySupperiorAppUITests.swift */; };
		381BBA812498EB2F00737C16 /* WeatherData.swift in Sources */ = {isa = PBXBuildFile; fileRef = 381BBA802498EB2F00737C16 /* WeatherData.swift */; };
		389177222498DB760020854E /* UIViewControllerExtension.swift in Sources */ = {isa = PBXBuildFile; fileRef = 389177212498DB760020854E /* UIViewControllerExtension.swift */; };
		38D8CD6A24AF4A3C0086D49D /* ViewControllerLocalWeather.swift in Sources */ = {isa = PBXBuildFile; fileRef = 38D8CD6924AF4A3C0086D49D /* ViewControllerLocalWeather.swift */; };
		38F596DE24B4685700AF4E1D /* SavedWeatherData.swift in Sources */ = {isa = PBXBuildFile; fileRef = 38F596DD24B4685700AF4E1D /* SavedWeatherData.swift */; };
		38F5972024B477C000AF4E1D /* TableViewCellSavedWeather.swift in Sources */ = {isa = PBXBuildFile; fileRef = 38F5971E24B477C000AF4E1D /* TableViewCellSavedWeather.swift */; };
		38F5972124B477C000AF4E1D /* TableViewCellSavedWeather.xib in Resources */ = {isa = PBXBuildFile; fileRef = 38F5971F24B477C000AF4E1D /* TableViewCellSavedWeather.xib */; };
/* End PBXBuildFile section */

/* Begin PBXContainerItemProxy section */
		380128E32493A05900C714BC /* PBXContainerItemProxy */ = {
			isa = PBXContainerItemProxy;
			containerPortal = 380128C12493A05700C714BC /* Project object */;
			proxyType = 1;
			remoteGlobalIDString = 380128C82493A05700C714BC;
			remoteInfo = MySupperiorApp;
		};
		380128EE2493A05900C714BC /* PBXContainerItemProxy */ = {
			isa = PBXContainerItemProxy;
			containerPortal = 380128C12493A05700C714BC /* Project object */;
			proxyType = 1;
			remoteGlobalIDString = 380128C82493A05700C714BC;
			remoteInfo = MySupperiorApp;
		};
/* End PBXContainerItemProxy section */

/* Begin PBXFileReference section */
		380128C92493A05700C714BC /* OpenWeatherMap.app */ = {isa = PBXFileReference; explicitFileType = wrapper.application; includeInIndex = 0; path = OpenWeatherMap.app; sourceTree = BUILT_PRODUCTS_DIR; };
		380128CC2493A05700C714BC /* AppDelegate.swift */ = {isa = PBXFileReference; lastKnownFileType = sourcecode.swift; path = AppDelegate.swift; sourceTree = "<group>"; };
		380128CE2493A05700C714BC /* SceneDelegate.swift */ = {isa = PBXFileReference; lastKnownFileType = sourcecode.swift; path = SceneDelegate.swift; sourceTree = "<group>"; };
		380128D02493A05700C714BC /* ViewController.swift */ = {isa = PBXFileReference; lastKnownFileType = sourcecode.swift; path = ViewController.swift; sourceTree = "<group>"; };
		380128D32493A05700C714BC /* Base */ = {isa = PBXFileReference; lastKnownFileType = file.storyboard; name = Base; path = Base.lproj/Main.storyboard; sourceTree = "<group>"; };
		380128D62493A05700C714BC /* MySupperiorApp.xcdatamodel */ = {isa = PBXFileReference; lastKnownFileType = wrapper.xcdatamodel; path = MySupperiorApp.xcdatamodel; sourceTree = "<group>"; };
		380128D82493A05900C714BC /* Assets.xcassets */ = {isa = PBXFileReference; lastKnownFileType = folder.assetcatalog; path = Assets.xcassets; sourceTree = "<group>"; };
		380128DB2493A05900C714BC /* Base */ = {isa = PBXFileReference; lastKnownFileType = file.storyboard; name = Base; path = Base.lproj/LaunchScreen.storyboard; sourceTree = "<group>"; };
		380128DD2493A05900C714BC /* Info.plist */ = {isa = PBXFileReference; lastKnownFileType = text.plist.xml; path = Info.plist; sourceTree = "<group>"; };
		380128E22493A05900C714BC /* MySupperiorAppTests.xctest */ = {isa = PBXFileReference; explicitFileType = wrapper.cfbundle; includeInIndex = 0; path = MySupperiorAppTests.xctest; sourceTree = BUILT_PRODUCTS_DIR; };
		380128E62493A05900C714BC /* MySupperiorAppTests.swift */ = {isa = PBXFileReference; lastKnownFileType = sourcecode.swift; path = MySupperiorAppTests.swift; sourceTree = "<group>"; };
		380128E82493A05900C714BC /* Info.plist */ = {isa = PBXFileReference; lastKnownFileType = text.plist.xml; path = Info.plist; sourceTree = "<group>"; };
		380128ED2493A05900C714BC /* MySupperiorAppUITests.xctest */ = {isa = PBXFileReference; explicitFileType = wrapper.cfbundle; includeInIndex = 0; path = MySupperiorAppUITests.xctest; sourceTree = BUILT_PRODUCTS_DIR; };
		380128F12493A05900C714BC /* MySupperiorAppUITests.swift */ = {isa = PBXFileReference; lastKnownFileType = sourcecode.swift; path = MySupperiorAppUITests.swift; sourceTree = "<group>"; };
		380128F32493A05900C714BC /* Info.plist */ = {isa = PBXFileReference; lastKnownFileType = text.plist.xml; path = Info.plist; sourceTree = "<group>"; };
		381BBA802498EB2F00737C16 /* WeatherData.swift */ = {isa = PBXFileReference; lastKnownFileType = sourcecode.swift; path = WeatherData.swift; sourceTree = "<group>"; };
		389177212498DB760020854E /* UIViewControllerExtension.swift */ = {isa = PBXFileReference; lastKnownFileType = sourcecode.swift; path = UIViewControllerExtension.swift; sourceTree = "<group>"; };
		38D8CD6924AF4A3C0086D49D /* ViewControllerLocalWeather.swift */ = {isa = PBXFileReference; lastKnownFileType = sourcecode.swift; path = ViewControllerLocalWeather.swift; sourceTree = "<group>"; };
		38F596DD24B4685700AF4E1D /* SavedWeatherData.swift */ = {isa = PBXFileReference; lastKnownFileType = sourcecode.swift; path = SavedWeatherData.swift; sourceTree = "<group>"; };
		38F5971E24B477C000AF4E1D /* TableViewCellSavedWeather.swift */ = {isa = PBXFileReference; lastKnownFileType = sourcecode.swift; path = TableViewCellSavedWeather.swift; sourceTree = "<group>"; };
		38F5971F24B477C000AF4E1D /* TableViewCellSavedWeather.xib */ = {isa = PBXFileReference; lastKnownFileType = file.xib; path = TableViewCellSavedWeather.xib; sourceTree = "<group>"; };
/* End PBXFileReference section */

/* Begin PBXFrameworksBuildPhase section */
		380128C62493A05700C714BC /* Frameworks */ = {
			isa = PBXFrameworksBuildPhase;
			buildActionMask = 2147483647;
			files = (
			);
			runOnlyForDeploymentPostprocessing = 0;
		};
		380128DF2493A05900C714BC /* Frameworks */ = {
			isa = PBXFrameworksBuildPhase;
			buildActionMask = 2147483647;
			files = (
			);
			runOnlyForDeploymentPostprocessing = 0;
		};
		380128EA2493A05900C714BC /* Frameworks */ = {
			isa = PBXFrameworksBuildPhase;
			buildActionMask = 2147483647;
			files = (
			);
			runOnlyForDeploymentPostprocessing = 0;
		};
/* End PBXFrameworksBuildPhase section */

/* Begin PBXGroup section */
		380128C02493A05700C714BC = {
			isa = PBXGroup;
			children = (
				380128CB2493A05700C714BC /* MySupperiorApp */,
				380128E52493A05900C714BC /* MySupperiorAppTests */,
				380128F02493A05900C714BC /* MySupperiorAppUITests */,
				380128CA2493A05700C714BC /* Products */,
			);
			sourceTree = "<group>";
		};
		380128CA2493A05700C714BC /* Products */ = {
			isa = PBXGroup;
			children = (
				380128C92493A05700C714BC /* OpenWeatherMap.app */,
				380128E22493A05900C714BC /* MySupperiorAppTests.xctest */,
				380128ED2493A05900C714BC /* MySupperiorAppUITests.xctest */,
			);
			name = Products;
			sourceTree = "<group>";
		};
		380128CB2493A05700C714BC /* MySupperiorApp */ = {
			isa = PBXGroup;
			children = (
				381BBA7F2498EAF600737C16 /* Weather */,
				389177232498DB830020854E /* Extensions */,
				380128CC2493A05700C714BC /* AppDelegate.swift */,
				380128CE2493A05700C714BC /* SceneDelegate.swift */,
				380128D02493A05700C714BC /* ViewController.swift */,
				38D8CD6924AF4A3C0086D49D /* ViewControllerLocalWeather.swift */,
				380128D22493A05700C714BC /* Main.storyboard */,
				38F5971E24B477C000AF4E1D /* TableViewCellSavedWeather.swift */,
				38F5971F24B477C000AF4E1D /* TableViewCellSavedWeather.xib */,
				380128D82493A05900C714BC /* Assets.xcassets */,
				380128DA2493A05900C714BC /* LaunchScreen.storyboard */,
				380128DD2493A05900C714BC /* Info.plist */,
				380128D52493A05700C714BC /* MySupperiorApp.xcdatamodeld */,
			);
			path = MySupperiorApp;
			sourceTree = "<group>";
		};
		380128E52493A05900C714BC /* MySupperiorAppTests */ = {
			isa = PBXGroup;
			children = (
				380128E62493A05900C714BC /* MySupperiorAppTests.swift */,
				380128E82493A05900C714BC /* Info.plist */,
			);
			path = MySupperiorAppTests;
			sourceTree = "<group>";
		};
		380128F02493A05900C714BC /* MySupperiorAppUITests */ = {
			isa = PBXGroup;
			children = (
				380128F12493A05900C714BC /* MySupperiorAppUITests.swift */,
				380128F32493A05900C714BC /* Info.plist */,
			);
			path = MySupperiorAppUITests;
			sourceTree = "<group>";
		};
		381BBA7F2498EAF600737C16 /* Weather */ = {
			isa = PBXGroup;
			children = (
				381BBA802498EB2F00737C16 /* WeatherData.swift */,
				38F596DD24B4685700AF4E1D /* SavedWeatherData.swift */,
			);
			path = Weather;
			sourceTree = "<group>";
		};
		389177232498DB830020854E /* Extensions */ = {
			isa = PBXGroup;
			children = (
				389177212498DB760020854E /* UIViewControllerExtension.swift */,
			);
			path = Extensions;
			sourceTree = "<group>";
		};
/* End PBXGroup section */

/* Begin PBXNativeTarget section */
		380128C82493A05700C714BC /* MySupperiorApp */ = {
			isa = PBXNativeTarget;
			buildConfigurationList = 380128F62493A05900C714BC /* Build configuration list for PBXNativeTarget "MySupperiorApp" */;
			buildPhases = (
				380128C52493A05700C714BC /* Sources */,
				380128C62493A05700C714BC /* Frameworks */,
				380128C72493A05700C714BC /* Resources */,
			);
			buildRules = (
			);
			dependencies = (
			);
			name = MySupperiorApp;
			productName = MySupperiorApp;
			productReference = 380128C92493A05700C714BC /* OpenWeatherMap.app */;
			productType = "com.apple.product-type.application";
		};
		380128E12493A05900C714BC /* MySupperiorAppTests */ = {
			isa = PBXNativeTarget;
			buildConfigurationList = 380128F92493A05900C714BC /* Build configuration list for PBXNativeTarget "MySupperiorAppTests" */;
			buildPhases = (
				380128DE2493A05900C714BC /* Sources */,
				380128DF2493A05900C714BC /* Frameworks */,
				380128E02493A05900C714BC /* Resources */,
			);
			buildRules = (
			);
			dependencies = (
				380128E42493A05900C714BC /* PBXTargetDependency */,
			);
			name = MySupperiorAppTests;
			productName = MySupperiorAppTests;
			productReference = 380128E22493A05900C714BC /* MySupperiorAppTests.xctest */;
			productType = "com.apple.product-type.bundle.unit-test";
		};
		380128EC2493A05900C714BC /* MySupperiorAppUITests */ = {
			isa = PBXNativeTarget;
			buildConfigurationList = 380128FC2493A05900C714BC /* Build configuration list for PBXNativeTarget "MySupperiorAppUITests" */;
			buildPhases = (
				380128E92493A05900C714BC /* Sources */,
				380128EA2493A05900C714BC /* Frameworks */,
				380128EB2493A05900C714BC /* Resources */,
			);
			buildRules = (
			);
			dependencies = (
				380128EF2493A05900C714BC /* PBXTargetDependency */,
			);
			name = MySupperiorAppUITests;
			productName = MySupperiorAppUITests;
			productReference = 380128ED2493A05900C714BC /* MySupperiorAppUITests.xctest */;
			productType = "com.apple.product-type.bundle.ui-testing";
		};
/* End PBXNativeTarget section */

/* Begin PBXProject section */
		380128C12493A05700C714BC /* Project object */ = {
			isa = PBXProject;
			attributes = {
				LastSwiftUpdateCheck = 1120;
				LastUpgradeCheck = 1120;
				ORGANIZATIONNAME = "Hristo Hristov";
				TargetAttributes = {
					380128C82493A05700C714BC = {
						CreatedOnToolsVersion = 11.2.1;
					};
					380128E12493A05900C714BC = {
						CreatedOnToolsVersion = 11.2.1;
						TestTargetID = 380128C82493A05700C714BC;
					};
					380128EC2493A05900C714BC = {
						CreatedOnToolsVersion = 11.2.1;
						TestTargetID = 380128C82493A05700C714BC;
					};
				};
			};
			buildConfigurationList = 380128C42493A05700C714BC /* Build configuration list for PBXProject "MySupperiorApp" */;
			compatibilityVersion = "Xcode 9.3";
			developmentRegion = en;
			hasScannedForEncodings = 0;
			knownRegions = (
				en,
				Base,
			);
			mainGroup = 380128C02493A05700C714BC;
			productRefGroup = 380128CA2493A05700C714BC /* Products */;
			projectDirPath = "";
			projectRoot = "";
			targets = (
				380128C82493A05700C714BC /* MySupperiorApp */,
				380128E12493A05900C714BC /* MySupperiorAppTests */,
				380128EC2493A05900C714BC /* MySupperiorAppUITests */,
			);
		};
/* End PBXProject section */

/* Begin PBXResourcesBuildPhase section */
		380128C72493A05700C714BC /* Resources */ = {
			isa = PBXResourcesBuildPhase;
			buildActionMask = 2147483647;
			files = (
				380128DC2493A05900C714BC /* LaunchScreen.storyboard in Resources */,
				38F5972124B477C000AF4E1D /* TableViewCellSavedWeather.xib in Resources */,
				380128D92493A05900C714BC /* Assets.xcassets in Resources */,
				380128D42493A05700C714BC /* Main.storyboard in Resources */,
			);
			runOnlyForDeploymentPostprocessing = 0;
		};
		380128E02493A05900C714BC /* Resources */ = {
			isa = PBXResourcesBuildPhase;
			buildActionMask = 2147483647;
			files = (
			);
			runOnlyForDeploymentPostprocessing = 0;
		};
		380128EB2493A05900C714BC /* Resources */ = {
			isa = PBXResourcesBuildPhase;
			buildActionMask = 2147483647;
			files = (
			);
			runOnlyForDeploymentPostprocessing = 0;
		};
/* End PBXResourcesBuildPhase section */

/* Begin PBXSourcesBuildPhase section */
		380128C52493A05700C714BC /* Sources */ = {
			isa = PBXSourcesBuildPhase;
			buildActionMask = 2147483647;
			files = (
				380128D12493A05700C714BC /* ViewController.swift in Sources */,
				380128CD2493A05700C714BC /* AppDelegate.swift in Sources */,
				38D8CD6A24AF4A3C0086D49D /* ViewControllerLocalWeather.swift in Sources */,
				380128CF2493A05700C714BC /* SceneDelegate.swift in Sources */,
				38F5972024B477C000AF4E1D /* TableViewCellSavedWeather.swift in Sources */,
				38F596DE24B4685700AF4E1D /* SavedWeatherData.swift in Sources */,
				389177222498DB760020854E /* UIViewControllerExtension.swift in Sources */,
				381BBA812498EB2F00737C16 /* WeatherData.swift in Sources */,
				380128D72493A05700C714BC /* MySupperiorApp.xcdatamodeld in Sources */,
			);
			runOnlyForDeploymentPostprocessing = 0;
		};
		380128DE2493A05900C714BC /* Sources */ = {
			isa = PBXSourcesBuildPhase;
			buildActionMask = 2147483647;
			files = (
				380128E72493A05900C714BC /* MySupperiorAppTests.swift in Sources */,
			);
			runOnlyForDeploymentPostprocessing = 0;
		};
		380128E92493A05900C714BC /* Sources */ = {
			isa = PBXSourcesBuildPhase;
			buildActionMask = 2147483647;
			files = (
				380128F22493A05900C714BC /* MySupperiorAppUITests.swift in Sources */,
			);
			runOnlyForDeploymentPostprocessing = 0;
		};
/* End PBXSourcesBuildPhase section */

/* Begin PBXTargetDependency section */
		380128E42493A05900C714BC /* PBXTargetDependency */ = {
			isa = PBXTargetDependency;
			target = 380128C82493A05700C714BC /* MySupperiorApp */;
			targetProxy = 380128E32493A05900C714BC /* PBXContainerItemProxy */;
		};
		380128EF2493A05900C714BC /* PBXTargetDependency */ = {
			isa = PBXTargetDependency;
			target = 380128C82493A05700C714BC /* MySupperiorApp */;
			targetProxy = 380128EE2493A05900C714BC /* PBXContainerItemProxy */;
		};
/* End PBXTargetDependency section */

/* Begin PBXVariantGroup section */
		380128D22493A05700C714BC /* Main.storyboard */ = {
			isa = PBXVariantGroup;
			children = (
				380128D32493A05700C714BC /* Base */,
			);
			name = Main.storyboard;
			sourceTree = "<group>";
		};
		380128DA2493A05900C714BC /* LaunchScreen.storyboard */ = {
			isa = PBXVariantGroup;
			children = (
				380128DB2493A05900C714BC /* Base */,
			);
			name = LaunchScreen.storyboard;
			sourceTree = "<group>";
		};
/* End PBXVariantGroup section */

/* Begin XCBuildConfiguration section */
		380128F42493A05900C714BC /* Debug */ = {
			isa = XCBuildConfiguration;
			buildSettings = {
				ALWAYS_SEARCH_USER_PATHS = NO;
				CLANG_ANALYZER_NONNULL = YES;
				CLANG_ANALYZER_NUMBER_OBJECT_CONVERSION = YES_AGGRESSIVE;
				CLANG_CXX_LANGUAGE_STANDARD = "gnu++14";
				CLANG_CXX_LIBRARY = "libc++";
				CLANG_ENABLE_MODULES = YES;
				CLANG_ENABLE_OBJC_ARC = YES;
				CLANG_ENABLE_OBJC_WEAK = YES;
				CLANG_WARN_BLOCK_CAPTURE_AUTORELEASING = YES;
				CLANG_WARN_BOOL_CONVERSION = YES;
				CLANG_WARN_COMMA = YES;
				CLANG_WARN_CONSTANT_CONVERSION = YES;
				CLANG_WARN_DEPRECATED_OBJC_IMPLEMENTATIONS = YES;
				CLANG_WARN_DIRECT_OBJC_ISA_USAGE = YES_ERROR;
				CLANG_WARN_DOCUMENTATION_COMMENTS = YES;
				CLANG_WARN_EMPTY_BODY = YES;
				CLANG_WARN_ENUM_CONVERSION = YES;
				CLANG_WARN_INFINITE_RECURSION = YES;
				CLANG_WARN_INT_CONVERSION = YES;
				CLANG_WARN_NON_LITERAL_NULL_CONVERSION = YES;
				CLANG_WARN_OBJC_IMPLICIT_RETAIN_SELF = YES;
				CLANG_WARN_OBJC_LITERAL_CONVERSION = YES;
				CLANG_WARN_OBJC_ROOT_CLASS = YES_ERROR;
				CLANG_WARN_RANGE_LOOP_ANALYSIS = YES;
				CLANG_WARN_STRICT_PROTOTYPES = YES;
				CLANG_WARN_SUSPICIOUS_MOVE = YES;
				CLANG_WARN_UNGUARDED_AVAILABILITY = YES_AGGRESSIVE;
				CLANG_WARN_UNREACHABLE_CODE = YES;
				CLANG_WARN__DUPLICATE_METHOD_MATCH = YES;
				COPY_PHASE_STRIP = NO;
				DEBUG_INFORMATION_FORMAT = dwarf;
				ENABLE_STRICT_OBJC_MSGSEND = YES;
				ENABLE_TESTABILITY = YES;
				GCC_C_LANGUAGE_STANDARD = gnu11;
				GCC_DYNAMIC_NO_PIC = NO;
				GCC_NO_COMMON_BLOCKS = YES;
				GCC_OPTIMIZATION_LEVEL = 0;
				GCC_PREPROCESSOR_DEFINITIONS = (
					"DEBUG=1",
					"$(inherited)",
				);
				GCC_WARN_64_TO_32_BIT_CONVERSION = YES;
				GCC_WARN_ABOUT_RETURN_TYPE = YES_ERROR;
				GCC_WARN_UNDECLARED_SELECTOR = YES;
				GCC_WARN_UNINITIALIZED_AUTOS = YES_AGGRESSIVE;
				GCC_WARN_UNUSED_FUNCTION = YES;
				GCC_WARN_UNUSED_VARIABLE = YES;
				IPHONEOS_DEPLOYMENT_TARGET = 13.2;
				MTL_ENABLE_DEBUG_INFO = INCLUDE_SOURCE;
				MTL_FAST_MATH = YES;
				ONLY_ACTIVE_ARCH = YES;
				SDKROOT = iphoneos;
				SWIFT_ACTIVE_COMPILATION_CONDITIONS = DEBUG;
				SWIFT_OPTIMIZATION_LEVEL = "-Onone";
			};
			name = Debug;
		};
		380128F52493A05900C714BC /* Release */ = {
			isa = XCBuildConfiguration;
			buildSettings = {
				ALWAYS_SEARCH_USER_PATHS = NO;
				CLANG_ANALYZER_NONNULL = YES;
				CLANG_ANALYZER_NUMBER_OBJECT_CONVERSION = YES_AGGRESSIVE;
				CLANG_CXX_LANGUAGE_STANDARD = "gnu++14";
				CLANG_CXX_LIBRARY = "libc++";
				CLANG_ENABLE_MODULES = YES;
				CLANG_ENABLE_OBJC_ARC = YES;
				CLANG_ENABLE_OBJC_WEAK = YES;
				CLANG_WARN_BLOCK_CAPTURE_AUTORELEASING = YES;
				CLANG_WARN_BOOL_CONVERSION = YES;
				CLANG_WARN_COMMA = YES;
				CLANG_WARN_CONSTANT_CONVERSION = YES;
				CLANG_WARN_DEPRECATED_OBJC_IMPLEMENTATIONS = YES;
				CLANG_WARN_DIRECT_OBJC_ISA_USAGE = YES_ERROR;
				CLANG_WARN_DOCUMENTATION_COMMENTS = YES;
				CLANG_WARN_EMPTY_BODY = YES;
				CLANG_WARN_ENUM_CONVERSION = YES;
				CLANG_WARN_INFINITE_RECURSION = YES;
				CLANG_WARN_INT_CONVERSION = YES;
				CLANG_WARN_NON_LITERAL_NULL_CONVERSION = YES;
				CLANG_WARN_OBJC_IMPLICIT_RETAIN_SELF = YES;
				CLANG_WARN_OBJC_LITERAL_CONVERSION = YES;
				CLANG_WARN_OBJC_ROOT_CLASS = YES_ERROR;
				CLANG_WARN_RANGE_LOOP_ANALYSIS = YES;
				CLANG_WARN_STRICT_PROTOTYPES = YES;
				CLANG_WARN_SUSPICIOUS_MOVE = YES;
				CLANG_WARN_UNGUARDED_AVAILABILITY = YES_AGGRESSIVE;
				CLANG_WARN_UNREACHABLE_CODE = YES;
				CLANG_WARN__DUPLICATE_METHOD_MATCH = YES;
				COPY_PHASE_STRIP = NO;
				DEBUG_INFORMATION_FORMAT = "dwarf-with-dsym";
				ENABLE_NS_ASSERTIONS = NO;
				ENABLE_STRICT_OBJC_MSGSEND = YES;
				GCC_C_LANGUAGE_STANDARD = gnu11;
				GCC_NO_COMMON_BLOCKS = YES;
				GCC_WARN_64_TO_32_BIT_CONVERSION = YES;
				GCC_WARN_ABOUT_RETURN_TYPE = YES_ERROR;
				GCC_WARN_UNDECLARED_SELECTOR = YES;
				GCC_WARN_UNINITIALIZED_AUTOS = YES_AGGRESSIVE;
				GCC_WARN_UNUSED_FUNCTION = YES;
				GCC_WARN_UNUSED_VARIABLE = YES;
				IPHONEOS_DEPLOYMENT_TARGET = 13.2;
				MTL_ENABLE_DEBUG_INFO = NO;
				MTL_FAST_MATH = YES;
				SDKROOT = iphoneos;
				SWIFT_COMPILATION_MODE = wholemodule;
				SWIFT_OPTIMIZATION_LEVEL = "-O";
				VALIDATE_PRODUCT = YES;
			};
			name = Release;
		};
		380128F72493A05900C714BC /* Debug */ = {
			isa = XCBuildConfiguration;
			buildSettings = {
				ASSETCATALOG_COMPILER_APPICON_NAME = AppIcon;
				CODE_SIGN_STYLE = Automatic;
				INFOPLIST_FILE = MySupperiorApp/Info.plist;
				LD_RUNPATH_SEARCH_PATHS = (
					"$(inherited)",
					"@executable_path/Frameworks",
				);
				PRODUCT_BUNDLE_IDENTIFIER = com.mysupercomp.OpenWeatherMap;
				PRODUCT_NAME = OpenWeatherMap;
				SWIFT_VERSION = 5.0;
				TARGETED_DEVICE_FAMILY = "1,2";
			};
			name = Debug;
		};
		380128F82493A05900C714BC /* Release */ = {
			isa = XCBuildConfiguration;
			buildSettings = {
				ASSETCATALOG_COMPILER_APPICON_NAME = AppIcon;
				CODE_SIGN_STYLE = Automatic;
				INFOPLIST_FILE = MySupperiorApp/Info.plist;
				LD_RUNPATH_SEARCH_PATHS = (
					"$(inherited)",
					"@executable_path/Frameworks",
				);
				PRODUCT_BUNDLE_IDENTIFIER = com.mysupercomp.OpenWeatherMap;
				PRODUCT_NAME = OpenWeatherMap;
				SWIFT_VERSION = 5.0;
				TARGETED_DEVICE_FAMILY = "1,2";
			};
			name = Release;
		};
		380128FA2493A05900C714BC /* Debug */ = {
			isa = XCBuildConfiguration;
			buildSettings = {
				ALWAYS_EMBED_SWIFT_STANDARD_LIBRARIES = YES;
				BUNDLE_LOADER = "$(TEST_HOST)";
				CODE_SIGN_STYLE = Automatic;
				INFOPLIST_FILE = MySupperiorAppTests/Info.plist;
				IPHONEOS_DEPLOYMENT_TARGET = 13.2;
				LD_RUNPATH_SEARCH_PATHS = (
					"$(inherited)",
					"@executable_path/Frameworks",
					"@loader_path/Frameworks",
				);
				PRODUCT_BUNDLE_IDENTIFIER = com.mysupercomp.MySupperiorAppTests;
				PRODUCT_NAME = "$(TARGET_NAME)";
				SWIFT_VERSION = 5.0;
				TARGETED_DEVICE_FAMILY = "1,2";
				TEST_HOST = "$(BUILT_PRODUCTS_DIR)/MySupperiorApp.app/MySupperiorApp";
			};
			name = Debug;
		};
		380128FB2493A05900C714BC /* Release */ = {
			isa = XCBuildConfiguration;
			buildSettings = {
				ALWAYS_EMBED_SWIFT_STANDARD_LIBRARIES = YES;
				BUNDLE_LOADER = "$(TEST_HOST)";
				CODE_SIGN_STYLE = Automatic;
				INFOPLIST_FILE = MySupperiorAppTests/Info.plist;
				IPHONEOS_DEPLOYMENT_TARGET = 13.2;
				LD_RUNPATH_SEARCH_PATHS = (
					"$(inherited)",
					"@executable_path/Frameworks",
					"@loader_path/Frameworks",
				);
				PRODUCT_BUNDLE_IDENTIFIER = com.mysupercomp.MySupperiorAppTests;
				PRODUCT_NAME = "$(TARGET_NAME)";
				SWIFT_VERSION = 5.0;
				TARGETED_DEVICE_FAMILY = "1,2";
				TEST_HOST = "$(BUILT_PRODUCTS_DIR)/MySupperiorApp.app/MySupperiorApp";
			};
			name = Release;
		};
		380128FD2493A05900C714BC /* Debug */ = {
			isa = XCBuildConfiguration;
			buildSettings = {
				ALWAYS_EMBED_SWIFT_STANDARD_LIBRARIES = YES;
				CODE_SIGN_STYLE = Automatic;
				INFOPLIST_FILE = MySupperiorAppUITests/Info.plist;
				LD_RUNPATH_SEARCH_PATHS = (
					"$(inherited)",
					"@executable_path/Frameworks",
					"@loader_path/Frameworks",
				);
				PRODUCT_BUNDLE_IDENTIFIER = com.mysupercomp.MySupperiorAppUITests;
				PRODUCT_NAME = "$(TARGET_NAME)";
				SWIFT_VERSION = 5.0;
				TARGETED_DEVICE_FAMILY = "1,2";
				TEST_TARGET_NAME = MySupperiorApp;
			};
			name = Debug;
		};
		380128FE2493A05900C714BC /* Release */ = {
			isa = XCBuildConfiguration;
			buildSettings = {
				ALWAYS_EMBED_SWIFT_STANDARD_LIBRARIES = YES;
				CODE_SIGN_STYLE = Automatic;
				INFOPLIST_FILE = MySupperiorAppUITests/Info.plist;
				LD_RUNPATH_SEARCH_PATHS = (
					"$(inherited)",
					"@executable_path/Frameworks",
					"@loader_path/Frameworks",
				);
				PRODUCT_BUNDLE_IDENTIFIER = com.mysupercomp.MySupperiorAppUITests;
				PRODUCT_NAME = "$(TARGET_NAME)";
				SWIFT_VERSION = 5.0;
				TARGETED_DEVICE_FAMILY = "1,2";
				TEST_TARGET_NAME = MySupperiorApp;
			};
			name = Release;
		};
/* End XCBuildConfiguration section */

/* Begin XCConfigurationList section */
		380128C42493A05700C714BC /* Build configuration list for PBXProject "MySupperiorApp" */ = {
			isa = XCConfigurationList;
			buildConfigurations = (
				380128F42493A05900C714BC /* Debug */,
				380128F52493A05900C714BC /* Release */,
			);
			defaultConfigurationIsVisible = 0;
			defaultConfigurationName = Release;
		};
		380128F62493A05900C714BC /* Build configuration list for PBXNativeTarget "MySupperiorApp" */ = {
			isa = XCConfigurationList;
			buildConfigurations = (
				380128F72493A05900C714BC /* Debug */,
				380128F82493A05900C714BC /* Release */,
			);
			defaultConfigurationIsVisible = 0;
			defaultConfigurationName = Release;
		};
		380128F92493A05900C714BC /* Build configuration list for PBXNativeTarget "MySupperiorAppTests" */ = {
			isa = XCConfigurationList;
			buildConfigurations = (
				380128FA2493A05900C714BC /* Debug */,
				380128FB2493A05900C714BC /* Release */,
			);
			defaultConfigurationIsVisible = 0;
			defaultConfigurationName = Release;
		};
		380128FC2493A05900C714BC /* Build configuration list for PBXNativeTarget "MySupperiorAppUITests" */ = {
			isa = XCConfigurationList;
			buildConfigurations = (
				380128FD2493A05900C714BC /* Debug */,
				380128FE2493A05900C714BC /* Release */,
			);
			defaultConfigurationIsVisible = 0;
			defaultConfigurationName = Release;
		};
/* End XCConfigurationList section */

/* Begin XCVersionGroup section */
		380128D52493A05700C714BC /* MySupperiorApp.xcdatamodeld */ = {
			isa = XCVersionGroup;
			children = (
				380128D62493A05700C714BC /* MySupperiorApp.xcdatamodel */,
			);
			currentVersion = 380128D62493A05700C714BC /* MySupperiorApp.xcdatamodel */;
			path = MySupperiorApp.xcdatamodeld;
			sourceTree = "<group>";
			versionGroupType = wrapper.xcdatamodel;
		};
/* End XCVersionGroup section */
	};
	rootObject = 380128C12493A05700C714BC /* Project object */;
}
